
Microsoft Visual Studio Solution File, Format Version 12.00
# Visual Studio Version 16
VisualStudioVersion = 16.0.31205.134
MinimumVisualStudioVersion = 10.0.40219.1
Project("{9A19103F-16F7-4668-BE54-9A1E7A4F7556}") = "TailBlazor.RadioButton", "TailBlazor.RadioButton.csproj", "{7224A056-50D8-4EB8-B40C-F255ABBECF22}"
EndProject
Global
	GlobalSection(SolutionConfigurationPlatforms) = preSolution
		Debug|Any CPU = Debug|Any CPU
		Release|Any CPU = Release|Any CPU
	EndGlobalSection
	GlobalSection(ProjectConfigurationPlatforms) = postSolution
		{7224A056-50D8-4EB8-B40C-F255ABBECF22}.Debug|Any CPU.ActiveCfg = Debug|Any CPU
		{7224A056-50D8-4EB8-B40C-F255ABBECF22}.Debug|Any CPU.Build.0 = Debug|Any CPU
		{7224A056-50D8-4EB8-B40C-F255ABBECF22}.Release|Any CPU.ActiveCfg = Release|Any CPU
		{7224A056-50D8-4EB8-B40C-F255ABBECF22}.Release|Any CPU.Build.0 = Release|Any CPU
	EndGlobalSection
	GlobalSection(SolutionProperties) = preSolution
		HideSolutionNode = FALSE
	EndGlobalSection
	GlobalSection(ExtensibilityGlobals) = postSolution
		SolutionGuid = {2F0B99FA-1888-4B1C-8241-3D2D03EFAA9B}
	EndGlobalSection
EndGlobal
